PODS:
  - Alamofire (4.7.2)
  - IQKeyboardManagerSwift (6.0.4)
  - NVActivityIndicatorView (4.2.1):
    - NVActivityIndicatorView/Presenter (= 4.2.1)
  - NVActivityIndicatorView/Presenter (4.2.1)
  - ReachabilitySwift (3)
  - SwiftyJSON (4.1.0)

DEPENDENCIES:
  - Alamofire
  - IQKeyboardManagerSwift
  - NVActivityIndicatorView
  - ReachabilitySwift (~> 3)
  - SwiftyJSON

SPEC REPOS:
  https://github.com/cocoapods/specs.git:
    - Alamofire
    - IQKeyboardManagerSwift
    - NVActivityIndicatorView
    - ReachabilitySwift
    - SwiftyJSON

SPEC CHECKSUMS:
  Alamofire: e4fa87002c137ba2d8d634d2c51fabcda0d5c223
  IQKeyboardManagerSwift: 36dbe324b4f9793f5f41ba5227f3e7c76dfefd50
  NVActivityIndicatorView: 8068ba3ad39cb44cbaab25d89ff2546b3f092681
  ReachabilitySwift: f5b9bb30a0777fac8f09ce8b067e32faeb29bb64
  SwiftyJSON: c29297daf073d2aa016295d5809cdd68045c39b3

PODFILE CHECKSUM: a66776b1cae7cf8199ec4ea4ec6b779b5b5d5273

COCOAPODS: 1.5.3
